
Microsoft Visual Studio Solution File, Format Version 12.00
# Visual Studio 15
VisualStudioVersion = 15.0.26228.9
MinimumVisualStudioVersion = 10.0.40219.1
Project("{FAE04EC0-301F-11D3-BF4B-00C04F79EFBC}") = "Powel.BotClient.Android", "Powel.BotClient\Powel.BotClient.Android\Powel.BotClient.Android.csproj", "{1DD12811-1FF4-4BFC-B45F-B88DCE789307}"
EndProject
Project("{FAE04EC0-301F-11D3-BF4B-00C04F79EFBC}") = "Powel.BotClient", "Powel.BotClient\Powel.BotClient\Powel.BotClient.csproj", "{7FD234C9-54D1-4C34-A12F-C5AFE7182DBD}"
EndProject
Project("{FAE04EC0-301F-11D3-BF4B-00C04F79EFBC}") = "Powel.BotClient.UWP", "Powel.BotClient\Powel.BotClient.UWP\Powel.BotClient.UWP.csproj", "{670B2F2D-D27A-4E9E-99C8-39A87940C7F0}"
EndProject
Project("{FAE04EC0-301F-11D3-BF4B-00C04F79EFBC}") = "Powel.BotClient.iOS", "Powel.BotClient\Powel.BotClient.iOS\Powel.BotClient.iOS.csproj", "{52A775C7-BE2D-482A-98A1-E25A8FA1C4E2}"
EndProject
Global
	GlobalSection(SolutionConfigurationPlatforms) = preSolution
		Ad-Hoc|Any CPU = Ad-Hoc|Any CPU
		Ad-Hoc|ARM = Ad-Hoc|ARM
		Ad-Hoc|iPhone = Ad-Hoc|iPhone
		Ad-Hoc|iPhoneSimulator = Ad-Hoc|iPhoneSimulator
		Ad-Hoc|x64 = Ad-Hoc|x64
		Ad-Hoc|x86 = Ad-Hoc|x86
		AppStore|Any CPU = AppStore|Any CPU
		AppStore|ARM = AppStore|ARM
		AppStore|iPhone = AppStore|iPhone
		AppStore|iPhoneSimulator = AppStore|iPhoneSimulator
		AppStore|x64 = AppStore|x64
		AppStore|x86 = AppStore|x86
		Debug|Any CPU = Debug|Any CPU
		Debug|ARM = Debug|ARM
		Debug|iPhone = Debug|iPhone
		Debug|iPhoneSimulator = Debug|iPhoneSimulator
		Debug|x64 = Debug|x64
		Debug|x86 = Debug|x86
		Release|Any CPU = Release|Any CPU
		Release|ARM = Release|ARM
		Release|iPhone = Release|iPhone
		Release|iPhoneSimulator = Release|iPhoneSimulator
		Release|x64 = Release|x64
		Release|x86 = Release|x86
	EndGlobalSection
	GlobalSection(ProjectConfigurationPlatforms) = postSolution
		{1DD12811-1FF4-4BFC-B45F-B88DCE789307}.Ad-Hoc|Any CPU.ActiveCfg = Release|Any CPU
		{1DD12811-1FF4-4BFC-B45F-B88DCE789307}.Ad-Hoc|Any CPU.Build.0 = Release|Any CPU
		{1DD12811-1FF4-4BFC-B45F-B88DCE789307}.Ad-Hoc|Any CPU.Deploy.0 = Release|Any CPU
		{1DD12811-1FF4-4BFC-B45F-B88DCE789307}.Ad-Hoc|ARM.ActiveCfg = Release|Any CPU
		{1DD12811-1FF4-4BFC-B45F-B88DCE789307}.Ad-Hoc|ARM.Build.0 = Release|Any CPU
		{1DD12811-1FF4-4BFC-B45F-B88DCE789307}.Ad-Hoc|ARM.Deploy.0 = Release|Any CPU
		{1DD12811-1FF4-4BFC-B45F-B88DCE789307}.Ad-Hoc|iPhone.ActiveCfg = Release|Any CPU
		{1DD12811-1FF4-4BFC-B45F-B88DCE789307}.Ad-Hoc|iPhone.Build.0 = Release|Any CPU
		{1DD12811-1FF4-4BFC-B45F-B88DCE789307}.Ad-Hoc|iPhone.Deploy.0 = Release|Any CPU
		{1DD12811-1FF4-4BFC-B45F-B88DCE789307}.Ad-Hoc|iPhoneSimulator.ActiveCfg = Release|Any CPU
		{1DD12811-1FF4-4BFC-B45F-B88DCE789307}.Ad-Hoc|iPhoneSimulator.Build.0 = Release|Any CPU
		{1DD12811-1FF4-4BFC-B45F-B88DCE789307}.Ad-Hoc|iPhoneSimulator.Deploy.0 = Release|Any CPU
		{1DD12811-1FF4-4BFC-B45F-B88DCE789307}.Ad-Hoc|x64.ActiveCfg = Release|Any CPU
		{1DD12811-1FF4-4BFC-B45F-B88DCE789307}.Ad-Hoc|x64.Build.0 = Release|Any CPU
		{1DD12811-1FF4-4BFC-B45F-B88DCE789307}.Ad-Hoc|x64.Deploy.0 = Release|Any CPU
		{1DD12811-1FF4-4BFC-B45F-B88DCE789307}.Ad-Hoc|x86.ActiveCfg = Release|Any CPU
		{1DD12811-1FF4-4BFC-B45F-B88DCE789307}.Ad-Hoc|x86.Build.0 = Release|Any CPU
		{1DD12811-1FF4-4BFC-B45F-B88DCE789307}.Ad-Hoc|x86.Deploy.0 = Release|Any CPU
		{1DD12811-1FF4-4BFC-B45F-B88DCE789307}.AppStore|Any CPU.ActiveCfg = Release|Any CPU
		{1DD12811-1FF4-4BFC-B45F-B88DCE789307}.AppStore|Any CPU.Build.0 = Release|Any CPU
		{1DD12811-1FF4-4BFC-B45F-B88DCE789307}.AppStore|Any CPU.Deploy.0 = Release|Any CPU
		{1DD12811-1FF4-4BFC-B45F-B88DCE789307}.AppStore|ARM.ActiveCfg = Release|Any CPU
		{1DD12811-1FF4-4BFC-B45F-B88DCE789307}.AppStore|ARM.Build.0 = Release|Any CPU
		{1DD12811-1FF4-4BFC-B45F-B88DCE789307}.AppStore|ARM.Deploy.0 = Release|Any CPU
		{1DD12811-1FF4-4BFC-B45F-B88DCE789307}.AppStore|iPhone.ActiveCfg = Release|Any CPU
		{1DD12811-1FF4-4BFC-B45F-B88DCE789307}.AppStore|iPhone.Build.0 = Release|Any CPU
		{1DD12811-1FF4-4BFC-B45F-B88DCE789307}.AppStore|iPhone.Deploy.0 = Release|Any CPU
		{1DD12811-1FF4-4BFC-B45F-B88DCE789307}.AppStore|iPhoneSimulator.ActiveCfg = Release|Any CPU
		{1DD12811-1FF4-4BFC-B45F-B88DCE789307}.AppStore|iPhoneSimulator.Build.0 = Release|Any CPU
		{1DD12811-1FF4-4BFC-B45F-B88DCE789307}.AppStore|iPhoneSimulator.Deploy.0 = Release|Any CPU
		{1DD12811-1FF4-4BFC-B45F-B88DCE789307}.AppStore|x64.ActiveCfg = Release|Any CPU
		{1DD12811-1FF4-4BFC-B45F-B88DCE789307}.AppStore|x64.Build.0 = Release|Any CPU
		{1DD12811-1FF4-4BFC-B45F-B88DCE789307}.AppStore|x64.Deploy.0 = Release|Any CPU
		{1DD12811-1FF4-4BFC-B45F-B88DCE789307}.AppStore|x86.ActiveCfg = Release|Any CPU
		{1DD12811-1FF4-4BFC-B45F-B88DCE789307}.AppStore|x86.Build.0 = Release|Any CPU
		{1DD12811-1FF4-4BFC-B45F-B88DCE789307}.AppStore|x86.Deploy.0 = Release|Any CPU
		{1DD12811-1FF4-4BFC-B45F-B88DCE789307}.Debug|Any CPU.ActiveCfg = Debug|Any CPU
		{1DD12811-1FF4-4BFC-B45F-B88DCE789307}.Debug|Any CPU.Build.0 = Debug|Any CPU
		{1DD12811-1FF4-4BFC-B45F-B88DCE789307}.Debug|Any CPU.Deploy.0 = Debug|Any CPU
		{1DD12811-1FF4-4BFC-B45F-B88DCE789307}.Debug|ARM.ActiveCfg = Debug|Any CPU
		{1DD12811-1FF4-4BFC-B45F-B88DCE789307}.Debug|ARM.Build.0 = Debug|Any CPU
		{1DD12811-1FF4-4BFC-B45F-B88DCE789307}.Debug|ARM.Deploy.0 = Debug|Any CPU
		{1DD12811-1FF4-4BFC-B45F-B88DCE789307}.Debug|iPhone.ActiveCfg = Debug|Any CPU
		{1DD12811-1FF4-4BFC-B45F-B88DCE789307}.Debug|iPhone.Build.0 = Debug|Any CPU
		{1DD12811-1FF4-4BFC-B45F-B88DCE789307}.Debug|iPhone.Deploy.0 = Debug|Any CPU
		{1DD12811-1FF4-4BFC-B45F-B88DCE789307}.Debug|iPhoneSimulator.ActiveCfg = Debug|Any CPU
		{1DD12811-1FF4-4BFC-B45F-B88DCE789307}.Debug|iPhoneSimulator.Build.0 = Debug|Any CPU
		{1DD12811-1FF4-4BFC-B45F-B88DCE789307}.Debug|iPhoneSimulator.Deploy.0 = Debug|Any CPU
		{1DD12811-1FF4-4BFC-B45F-B88DCE789307}.Debug|x64.ActiveCfg = Debug|Any CPU
		{1DD12811-1FF4-4BFC-B45F-B88DCE789307}.Debug|x64.Build.0 = Debug|Any CPU
		{1DD12811-1FF4-4BFC-B45F-B88DCE789307}.Debug|x64.Deploy.0 = Debug|Any CPU
		{1DD12811-1FF4-4BFC-B45F-B88DCE789307}.Debug|x86.ActiveCfg = Debug|Any CPU
		{1DD12811-1FF4-4BFC-B45F-B88DCE789307}.Debug|x86.Build.0 = Debug|Any CPU
		{1DD12811-1FF4-4BFC-B45F-B88DCE789307}.Debug|x86.Deploy.0 = Debug|Any CPU
		{1DD12811-1FF4-4BFC-B45F-B88DCE789307}.Release|Any CPU.ActiveCfg = Release|Any CPU
		{1DD12811-1FF4-4BFC-B45F-B88DCE789307}.Release|Any CPU.Build.0 = Release|Any CPU
		{1DD12811-1FF4-4BFC-B45F-B88DCE789307}.Release|Any CPU.Deploy.0 = Release|Any CPU
		{1DD12811-1FF4-4BFC-B45F-B88DCE789307}.Release|ARM.ActiveCfg = Release|Any CPU
		{1DD12811-1FF4-4BFC-B45F-B88DCE789307}.Release|ARM.Build.0 = Release|Any CPU
		{1DD12811-1FF4-4BFC-B45F-B88DCE789307}.Release|ARM.Deploy.0 = Release|Any CPU
		{1DD12811-1FF4-4BFC-B45F-B88DCE789307}.Release|iPhone.ActiveCfg = Release|Any CPU
		{1DD12811-1FF4-4BFC-B45F-B88DCE789307}.Release|iPhone.Build.0 = Release|Any CPU
		{1DD12811-1FF4-4BFC-B45F-B88DCE789307}.Release|iPhone.Deploy.0 = Release|Any CPU
		{1DD12811-1FF4-4BFC-B45F-B88DCE789307}.Release|iPhoneSimulator.ActiveCfg = Release|Any CPU
		{1DD12811-1FF4-4BFC-B45F-B88DCE789307}.Release|iPhoneSimulator.Build.0 = Release|Any CPU
		{1DD12811-1FF4-4BFC-B45F-B88DCE789307}.Release|iPhoneSimulator.Deploy.0 = Release|Any CPU
		{1DD12811-1FF4-4BFC-B45F-B88DCE789307}.Release|x64.ActiveCfg = Release|Any CPU
		{1DD12811-1FF4-4BFC-B45F-B88DCE789307}.Release|x64.Build.0 = Release|Any CPU
		{1DD12811-1FF4-4BFC-B45F-B88DCE789307}.Release|x64.Deploy.0 = Release|Any CPU
		{1DD12811-1FF4-4BFC-B45F-B88DCE789307}.Release|x86.ActiveCfg = Release|Any CPU
		{1DD12811-1FF4-4BFC-B45F-B88DCE789307}.Release|x86.Build.0 = Release|Any CPU
		{1DD12811-1FF4-4BFC-B45F-B88DCE789307}.Release|x86.Deploy.0 = Release|Any CPU
		{7FD234C9-54D1-4C34-A12F-C5AFE7182DBD}.Ad-Hoc|Any CPU.ActiveCfg = Release|Any CPU
		{7FD234C9-54D1-4C34-A12F-C5AFE7182DBD}.Ad-Hoc|Any CPU.Build.0 = Release|Any CPU
		{7FD234C9-54D1-4C34-A12F-C5AFE7182DBD}.Ad-Hoc|ARM.ActiveCfg = Release|Any CPU
		{7FD234C9-54D1-4C34-A12F-C5AFE7182DBD}.Ad-Hoc|ARM.Build.0 = Release|Any CPU
		{7FD234C9-54D1-4C34-A12F-C5AFE7182DBD}.Ad-Hoc|iPhone.ActiveCfg = Release|Any CPU
		{7FD234C9-54D1-4C34-A12F-C5AFE7182DBD}.Ad-Hoc|iPhone.Build.0 = Release|Any CPU
		{7FD234C9-54D1-4C34-A12F-C5AFE7182DBD}.Ad-Hoc|iPhoneSimulator.ActiveCfg = Release|Any CPU
		{7FD234C9-54D1-4C34-A12F-C5AFE7182DBD}.Ad-Hoc|iPhoneSimulator.Build.0 = Release|Any CPU
		{7FD234C9-54D1-4C34-A12F-C5AFE7182DBD}.Ad-Hoc|x64.ActiveCfg = Release|Any CPU
		{7FD234C9-54D1-4C34-A12F-C5AFE7182DBD}.Ad-Hoc|x64.Build.0 = Release|Any CPU
		{7FD234C9-54D1-4C34-A12F-C5AFE7182DBD}.Ad-Hoc|x86.ActiveCfg = Release|Any CPU
		{7FD234C9-54D1-4C34-A12F-C5AFE7182DBD}.Ad-Hoc|x86.Build.0 = Release|Any CPU
		{7FD234C9-54D1-4C34-A12F-C5AFE7182DBD}.AppStore|Any CPU.ActiveCfg = Release|Any CPU
		{7FD234C9-54D1-4C34-A12F-C5AFE7182DBD}.AppStore|Any CPU.Build.0 = Release|Any CPU
		{7FD234C9-54D1-4C34-A12F-C5AFE7182DBD}.AppStore|ARM.ActiveCfg = Release|Any CPU
		{7FD234C9-54D1-4C34-A12F-C5AFE7182DBD}.AppStore|ARM.Build.0 = Release|Any CPU
		{7FD234C9-54D1-4C34-A12F-C5AFE7182DBD}.AppStore|iPhone.ActiveCfg = Release|Any CPU
		{7FD234C9-54D1-4C34-A12F-C5AFE7182DBD}.AppStore|iPhone.Build.0 = Release|Any CPU
		{7FD234C9-54D1-4C34-A12F-C5AFE7182DBD}.AppStore|iPhoneSimulator.ActiveCfg = Release|Any CPU
		{7FD234C9-54D1-4C34-A12F-C5AFE7182DBD}.AppStore|iPhoneSimulator.Build.0 = Release|Any CPU
		{7FD234C9-54D1-4C34-A12F-C5AFE7182DBD}.AppStore|x64.ActiveCfg = Release|Any CPU
		{7FD234C9-54D1-4C34-A12F-C5AFE7182DBD}.AppStore|x64.Build.0 = Release|Any CPU
		{7FD234C9-54D1-4C34-A12F-C5AFE7182DBD}.AppStore|x86.ActiveCfg = Release|Any CPU
		{7FD234C9-54D1-4C34-A12F-C5AFE7182DBD}.AppStore|x86.Build.0 = Release|Any CPU
		{7FD234C9-54D1-4C34-A12F-C5AFE7182DBD}.Debug|Any CPU.ActiveCfg = Debug|Any CPU
		{7FD234C9-54D1-4C34-A12F-C5AFE7182DBD}.Debug|Any CPU.Build.0 = Debug|Any CPU
		{7FD234C9-54D1-4C34-A12F-C5AFE7182DBD}.Debug|ARM.ActiveCfg = Debug|Any CPU
		{7FD234C9-54D1-4C34-A12F-C5AFE7182DBD}.Debug|ARM.Build.0 = Debug|Any CPU
		{7FD234C9-54D1-4C34-A12F-C5AFE7182DBD}.Debug|iPhone.ActiveCfg = Debug|Any CPU
		{7FD234C9-54D1-4C34-A12F-C5AFE7182DBD}.Debug|iPhone.Build.0 = Debug|Any CPU
		{7FD234C9-54D1-4C34-A12F-C5AFE7182DBD}.Debug|iPhoneSimulator.ActiveCfg = Debug|Any CPU
		{7FD234C9-54D1-4C34-A12F-C5AFE7182DBD}.Debug|iPhoneSimulator.Build.0 = Debug|Any CPU
		{7FD234C9-54D1-4C34-A12F-C5AFE7182DBD}.Debug|x64.ActiveCfg = Debug|Any CPU
		{7FD234C9-54D1-4C34-A12F-C5AFE7182DBD}.Debug|x64.Build.0 = Debug|Any CPU
		{7FD234C9-54D1-4C34-A12F-C5AFE7182DBD}.Debug|x86.ActiveCfg = Debug|Any CPU
		{7FD234C9-54D1-4C34-A12F-C5AFE7182DBD}.Debug|x86.Build.0 = Debug|Any CPU
		{7FD234C9-54D1-4C34-A12F-C5AFE7182DBD}.Release|Any CPU.ActiveCfg = Release|Any CPU
		{7FD234C9-54D1-4C34-A12F-C5AFE7182DBD}.Release|Any CPU.Build.0 = Release|Any CPU
		{7FD234C9-54D1-4C34-A12F-C5AFE7182DBD}.Release|ARM.ActiveCfg = Release|Any CPU
		{7FD234C9-54D1-4C34-A12F-C5AFE7182DBD}.Release|ARM.Build.0 = Release|Any CPU
		{7FD234C9-54D1-4C34-A12F-C5AFE7182DBD}.Release|iPhone.ActiveCfg = Release|Any CPU
		{7FD234C9-54D1-4C34-A12F-C5AFE7182DBD}.Release|iPhone.Build.0 = Release|Any CPU
		{7FD234C9-54D1-4C34-A12F-C5AFE7182DBD}.Release|iPhoneSimulator.ActiveCfg = Release|Any CPU
		{7FD234C9-54D1-4C34-A12F-C5AFE7182DBD}.Release|iPhoneSimulator.Build.0 = Release|Any CPU
		{7FD234C9-54D1-4C34-A12F-C5AFE7182DBD}.Release|x64.ActiveCfg = Release|Any CPU
		{7FD234C9-54D1-4C34-A12F-C5AFE7182DBD}.Release|x64.Build.0 = Release|Any CPU
		{7FD234C9-54D1-4C34-A12F-C5AFE7182DBD}.Release|x86.ActiveCfg = Release|Any CPU
		{7FD234C9-54D1-4C34-A12F-C5AFE7182DBD}.Release|x86.Build.0 = Release|Any CPU
		{670B2F2D-D27A-4E9E-99C8-39A87940C7F0}.Ad-Hoc|Any CPU.ActiveCfg = Release|x86
		{670B2F2D-D27A-4E9E-99C8-39A87940C7F0}.Ad-Hoc|Any CPU.Build.0 = Release|x86
		{670B2F2D-D27A-4E9E-99C8-39A87940C7F0}.Ad-Hoc|Any CPU.Deploy.0 = Release|x86
		{670B2F2D-D27A-4E9E-99C8-39A87940C7F0}.Ad-Hoc|ARM.ActiveCfg = Release|ARM
		{670B2F2D-D27A-4E9E-99C8-39A87940C7F0}.Ad-Hoc|ARM.Build.0 = Release|ARM
		{670B2F2D-D27A-4E9E-99C8-39A87940C7F0}.Ad-Hoc|ARM.Deploy.0 = Release|ARM
		{670B2F2D-D27A-4E9E-99C8-39A87940C7F0}.Ad-Hoc|iPhone.ActiveCfg = Release|x86
		{670B2F2D-D27A-4E9E-99C8-39A87940C7F0}.Ad-Hoc|iPhone.Build.0 = Release|x86
		{670B2F2D-D27A-4E9E-99C8-39A87940C7F0}.Ad-Hoc|iPhone.Deploy.0 = Release|x86
		{670B2F2D-D27A-4E9E-99C8-39A87940C7F0}.Ad-Hoc|iPhoneSimulator.ActiveCfg = Release|x86
		{670B2F2D-D27A-4E9E-99C8-39A87940C7F0}.Ad-Hoc|iPhoneSimulator.Build.0 = Release|x86
		{670B2F2D-D27A-4E9E-99C8-39A87940C7F0}.Ad-Hoc|iPhoneSimulator.Deploy.0 = Release|x86
		{670B2F2D-D27A-4E9E-99C8-39A87940C7F0}.Ad-Hoc|x64.ActiveCfg = Release|x64
		{670B2F2D-D27A-4E9E-99C8-39A87940C7F0}.Ad-Hoc|x64.Build.0 = Release|x64
		{670B2F2D-D27A-4E9E-99C8-39A87940C7F0}.Ad-Hoc|x64.Deploy.0 = Release|x64
		{670B2F2D-D27A-4E9E-99C8-39A87940C7F0}.Ad-Hoc|x86.ActiveCfg = Release|x86
		{670B2F2D-D27A-4E9E-99C8-39A87940C7F0}.Ad-Hoc|x86.Build.0 = Release|x86
		{670B2F2D-D27A-4E9E-99C8-39A87940C7F0}.Ad-Hoc|x86.Deploy.0 = Release|x86
		{670B2F2D-D27A-4E9E-99C8-39A87940C7F0}.AppStore|Any CPU.ActiveCfg = Release|x86
		{670B2F2D-D27A-4E9E-99C8-39A87940C7F0}.AppStore|Any CPU.Build.0 = Release|x86
		{670B2F2D-D27A-4E9E-99C8-39A87940C7F0}.AppStore|Any CPU.Deploy.0 = Release|x86
		{670B2F2D-D27A-4E9E-99C8-39A87940C7F0}.AppStore|ARM.ActiveCfg = Release|ARM
		{670B2F2D-D27A-4E9E-99C8-39A87940C7F0}.AppStore|ARM.Build.0 = Release|ARM
		{670B2F2D-D27A-4E9E-99C8-39A87940C7F0}.AppStore|ARM.Deploy.0 = Release|ARM
		{670B2F2D-D27A-4E9E-99C8-39A87940C7F0}.AppStore|iPhone.ActiveCfg = Release|x86
		{670B2F2D-D27A-4E9E-99C8-39A87940C7F0}.AppStore|iPhone.Build.0 = Release|x86
		{670B2F2D-D27A-4E9E-99C8-39A87940C7F0}.AppStore|iPhone.Deploy.0 = Release|x86
		{670B2F2D-D27A-4E9E-99C8-39A87940C7F0}.AppStore|iPhoneSimulator.ActiveCfg = Release|x86
		{670B2F2D-D27A-4E9E-99C8-39A87940C7F0}.AppStore|iPhoneSimulator.Build.0 = Release|x86
		{670B2F2D-D27A-4E9E-99C8-39A87940C7F0}.AppStore|iPhoneSimulator.Deploy.0 = Release|x86
		{670B2F2D-D27A-4E9E-99C8-39A87940C7F0}.AppStore|x64.ActiveCfg = Release|x64
		{670B2F2D-D27A-4E9E-99C8-39A87940C7F0}.AppStore|x64.Build.0 = Release|x64
		{670B2F2D-D27A-4E9E-99C8-39A87940C7F0}.AppStore|x64.Deploy.0 = Release|x64
		{670B2F2D-D27A-4E9E-99C8-39A87940C7F0}.AppStore|x86.ActiveCfg = Release|x86
		{670B2F2D-D27A-4E9E-99C8-39A87940C7F0}.AppStore|x86.Build.0 = Release|x86
		{670B2F2D-D27A-4E9E-99C8-39A87940C7F0}.AppStore|x86.Deploy.0 = Release|x86
		{670B2F2D-D27A-4E9E-99C8-39A87940C7F0}.Debug|Any CPU.ActiveCfg = Debug|x86
		{670B2F2D-D27A-4E9E-99C8-39A87940C7F0}.Debug|ARM.ActiveCfg = Debug|ARM
		{670B2F2D-D27A-4E9E-99C8-39A87940C7F0}.Debug|ARM.Build.0 = Debug|ARM
		{670B2F2D-D27A-4E9E-99C8-39A87940C7F0}.Debug|ARM.Deploy.0 = Debug|ARM
		{670B2F2D-D27A-4E9E-99C8-39A87940C7F0}.Debug|iPhone.ActiveCfg = Debug|x86
		{670B2F2D-D27A-4E9E-99C8-39A87940C7F0}.Debug|iPhoneSimulator.ActiveCfg = Debug|x86
		{670B2F2D-D27A-4E9E-99C8-39A87940C7F0}.Debug|x64.ActiveCfg = Debug|x64
		{670B2F2D-D27A-4E9E-99C8-39A87940C7F0}.Debug|x64.Build.0 = Debug|x64
		{670B2F2D-D27A-4E9E-99C8-39A87940C7F0}.Debug|x64.Deploy.0 = Debug|x64
		{670B2F2D-D27A-4E9E-99C8-39A87940C7F0}.Debug|x86.ActiveCfg = Debug|x86
		{670B2F2D-D27A-4E9E-99C8-39A87940C7F0}.Debug|x86.Build.0 = Debug|x86
		{670B2F2D-D27A-4E9E-99C8-39A87940C7F0}.Debug|x86.Deploy.0 = Debug|x86
		{670B2F2D-D27A-4E9E-99C8-39A87940C7F0}.Release|Any CPU.ActiveCfg = Release|x86
		{670B2F2D-D27A-4E9E-99C8-39A87940C7F0}.Release|ARM.ActiveCfg = Release|ARM
		{670B2F2D-D27A-4E9E-99C8-39A87940C7F0}.Release|ARM.Build.0 = Release|ARM
		{670B2F2D-D27A-4E9E-99C8-39A87940C7F0}.Release|ARM.Deploy.0 = Release|ARM
		{670B2F2D-D27A-4E9E-99C8-39A87940C7F0}.Release|iPhone.ActiveCfg = Release|x86
		{670B2F2D-D27A-4E9E-99C8-39A87940C7F0}.Release|iPhoneSimulator.ActiveCfg = Release|x86
		{670B2F2D-D27A-4E9E-99C8-39A87940C7F0}.Release|x64.ActiveCfg = Release|x64
		{670B2F2D-D27A-4E9E-99C8-39A87940C7F0}.Release|x64.Build.0 = Release|x64
		{670B2F2D-D27A-4E9E-99C8-39A87940C7F0}.Release|x64.Deploy.0 = Release|x64
		{670B2F2D-D27A-4E9E-99C8-39A87940C7F0}.Release|x86.ActiveCfg = Release|x86
		{670B2F2D-D27A-4E9E-99C8-39A87940C7F0}.Release|x86.Build.0 = Release|x86
		{670B2F2D-D27A-4E9E-99C8-39A87940C7F0}.Release|x86.Deploy.0 = Release|x86
		{52A775C7-BE2D-482A-98A1-E25A8FA1C4E2}.Ad-Hoc|Any CPU.ActiveCfg = Ad-Hoc|iPhone
		{52A775C7-BE2D-482A-98A1-E25A8FA1C4E2}.Ad-Hoc|ARM.ActiveCfg = Ad-Hoc|iPhone
		{52A775C7-BE2D-482A-98A1-E25A8FA1C4E2}.Ad-Hoc|iPhone.ActiveCfg = Ad-Hoc|iPhone
		{52A775C7-BE2D-482A-98A1-E25A8FA1C4E2}.Ad-Hoc|iPhone.Build.0 = Ad-Hoc|iPhone
		{52A775C7-BE2D-482A-98A1-E25A8FA1C4E2}.Ad-Hoc|iPhoneSimulator.ActiveCfg = Ad-Hoc|iPhoneSimulator
		{52A775C7-BE2D-482A-98A1-E25A8FA1C4E2}.Ad-Hoc|iPhoneSimulator.Build.0 = Ad-Hoc|iPhoneSimulator
		{52A775C7-BE2D-482A-98A1-E25A8FA1C4E2}.Ad-Hoc|x64.ActiveCfg = Ad-Hoc|iPhone
		{52A775C7-BE2D-482A-98A1-E25A8FA1C4E2}.Ad-Hoc|x86.ActiveCfg = Ad-Hoc|iPhone
		{52A775C7-BE2D-482A-98A1-E25A8FA1C4E2}.AppStore|Any CPU.ActiveCfg = AppStore|iPhone
		{52A775C7-BE2D-482A-98A1-E25A8FA1C4E2}.AppStore|ARM.ActiveCfg = AppStore|iPhone
		{52A775C7-BE2D-482A-98A1-E25A8FA1C4E2}.AppStore|iPhone.ActiveCfg = AppStore|iPhone
		{52A775C7-BE2D-482A-98A1-E25A8FA1C4E2}.AppStore|iPhone.Build.0 = AppStore|iPhone
		{52A775C7-BE2D-482A-98A1-E25A8FA1C4E2}.AppStore|iPhoneSimulator.ActiveCfg = AppStore|iPhoneSimulator
		{52A775C7-BE2D-482A-98A1-E25A8FA1C4E2}.AppStore|iPhoneSimulator.Build.0 = AppStore|iPhoneSimulator
		{52A775C7-BE2D-482A-98A1-E25A8FA1C4E2}.AppStore|x64.ActiveCfg = AppStore|iPhone
		{52A775C7-BE2D-482A-98A1-E25A8FA1C4E2}.AppStore|x86.ActiveCfg = AppStore|iPhone
		{52A775C7-BE2D-482A-98A1-E25A8FA1C4E2}.Debug|Any CPU.ActiveCfg = Debug|iPhone
		{52A775C7-BE2D-482A-98A1-E25A8FA1C4E2}.Debug|ARM.ActiveCfg = Debug|iPhone
		{52A775C7-BE2D-482A-98A1-E25A8FA1C4E2}.Debug|iPhone.ActiveCfg = Debug|iPhone
		{52A775C7-BE2D-482A-98A1-E25A8FA1C4E2}.Debug|iPhone.Build.0 = Debug|iPhone
		{52A775C7-BE2D-482A-98A1-E25A8FA1C4E2}.Debug|iPhoneSimulator.ActiveCfg = Debug|iPhoneSimulator
		{52A775C7-BE2D-482A-98A1-E25A8FA1C4E2}.Debug|iPhoneSimulator.Build.0 = Debug|iPhoneSimulator
		{52A775C7-BE2D-482A-98A1-E25A8FA1C4E2}.Debug|x64.ActiveCfg = Debug|iPhone
		{52A775C7-BE2D-482A-98A1-E25A8FA1C4E2}.Debug|x86.ActiveCfg = Debug|iPhone
		{52A775C7-BE2D-482A-98A1-E25A8FA1C4E2}.Release|Any CPU.ActiveCfg = Release|iPhone
		{52A775C7-BE2D-482A-98A1-E25A8FA1C4E2}.Release|ARM.ActiveCfg = Release|iPhone
		{52A775C7-BE2D-482A-98A1-E25A8FA1C4E2}.Release|iPhone.ActiveCfg = Release|iPhone
		{52A775C7-BE2D-482A-98A1-E25A8FA1C4E2}.Release|iPhone.Build.0 = Release|iPhone
		{52A775C7-BE2D-482A-98A1-E25A8FA1C4E2}.Release|iPhoneSimulator.ActiveCfg = Release|iPhoneSimulator
		{52A775C7-BE2D-482A-98A1-E25A8FA1C4E2}.Release|iPhoneSimulator.Build.0 = Release|iPhoneSimulator
		{52A775C7-BE2D-482A-98A1-E25A8FA1C4E2}.Release|x64.ActiveCfg = Release|iPhone
		{52A775C7-BE2D-482A-98A1-E25A8FA1C4E2}.Release|x86.ActiveCfg = Release|iPhone
	EndGlobalSection
	GlobalSection(SolutionProperties) = preSolution
		HideSolutionNode = FALSE
	EndGlobalSection
EndGlobal
